// !$*UTF8*$!
{
	archiveVersion = 1;
	classes = {
	};
	objectVersion = 46;
	objects = {

/* Begin PBXBuildFile section */
		1A2561E51A8B0CB600DB608D /* AppDelegate.swift in Sources */ = {isa = PBXBuildFile; fileRef = 1A2561E41A8B0CB600DB608D /* AppDelegate.swift */; };
		1A2561E81A8B0CB600DB608D /* Aware360_Suite.xcdatamodeld in Sources */ = {isa = PBXBuildFile; fileRef = 1A2561E61A8B0CB600DB608D /* Aware360_Suite.xcdatamodeld */; };
		1A2561EA1A8B0CB600DB608D /* ViewController.swift in Sources */ = {isa = PBXBuildFile; fileRef = 1A2561E91A8B0CB600DB608D /* ViewController.swift */; };
		1A2561ED1A8B0CB600DB608D /* Main.storyboard in Resources */ = {isa = PBXBuildFile; fileRef = 1A2561EB1A8B0CB600DB608D /* Main.storyboard */; };
		1A2561EF1A8B0CB600DB608D /* Images.xcassets in Resources */ = {isa = PBXBuildFile; fileRef = 1A2561EE1A8B0CB600DB608D /* Images.xcassets */; };
		1A2561F21A8B0CB600DB608D /* LaunchScreen.xib in Resources */ = {isa = PBXBuildFile; fileRef = 1A2561F01A8B0CB600DB608D /* LaunchScreen.xib */; };
		1A2561FE1A8B0CB600DB608D /* Aware360_SuiteTests.swift in Sources */ = {isa = PBXBuildFile; fileRef = 1A2561FD1A8B0CB600DB608D /* Aware360_SuiteTests.swift */; };
/* End PBXBuildFile section */

/* Begin PBXContainerItemProxy section */
		1A2561F81A8B0CB600DB608D /* PBXContainerItemProxy */ = {
			isa = PBXContainerItemProxy;
			containerPortal = 1A2561D71A8B0CB600DB608D /* Project object */;
			proxyType = 1;
			remoteGlobalIDString = 1A2561DE1A8B0CB600DB608D;
			remoteInfo = "Aware360 Suite";
		};
/* End PBXContainerItemProxy section */

/* Begin PBXFileReference section */
		1A2561DF1A8B0CB600DB608D /* Aware360 Suite.app */ = {isa = PBXFileReference; explicitFileType = wrapper.application; includeInIndex = 0; path = "Aware360 Suite.app"; sourceTree = BUILT_PRODUCTS_DIR; };
		1A2561E31A8B0CB600DB608D /* Info.plist */ = {isa = PBXFileReference; lastKnownFileType = text.plist.xml; path = Info.plist; sourceTree = "<group>"; };
		1A2561E41A8B0CB600DB608D /* AppDelegate.swift */ = {isa = PBXFileReference; lastKnownFileType = sourcecode.swift; path = AppDelegate.swift; sourceTree = "<group>"; };
		1A2561E71A8B0CB600DB608D /* Aware360_Suite.xcdatamodel */ = {isa = PBXFileReference; lastKnownFileType = wrapper.xcdatamodel; path = Aware360_Suite.xcdatamodel; sourceTree = "<group>"; };
		1A2561E91A8B0CB600DB608D /* ViewController.swift */ = {isa = PBXFileReference; lastKnownFileType = sourcecode.swift; path = ViewController.swift; sourceTree = "<group>"; };
		1A2561EC1A8B0CB600DB608D /* Base */ = {isa = PBXFileReference; lastKnownFileType = file.storyboard; name = Base; path = Base.lproj/Main.storyboard; sourceTree = "<group>"; };
		1A2561EE1A8B0CB600DB608D /* Images.xcassets */ = {isa = PBXFileReference; lastKnownFileType = folder.assetcatalog; path = Images.xcassets; sourceTree = "<group>"; };
		1A2561F11A8B0CB600DB608D /* Base */ = {isa = PBXFileReference; lastKnownFileType = file.xib; name = Base; path = Base.lproj/LaunchScreen.xib; sourceTree = "<group>"; };
		1A2561F71A8B0CB600DB608D /* Aware360 SuiteTests.xctest */ = {isa = PBXFileReference; explicitFileType = wrapper.cfbundle; includeInIndex = 0; path = "Aware360 SuiteTests.xctest"; sourceTree = BUILT_PRODUCTS_DIR; };
		1A2561FC1A8B0CB600DB608D /* Info.plist */ = {isa = PBXFileReference; lastKnownFileType = text.plist.xml; path = Info.plist; sourceTree = "<group>"; };
		1A2561FD1A8B0CB600DB608D /* Aware360_SuiteTests.swift */ = {isa = PBXFileReference; lastKnownFileType = sourcecode.swift; path = Aware360_SuiteTests.swift; sourceTree = "<group>"; };
/* End PBXFileReference section */

/* Begin PBXFrameworksBuildPhase section */
		1A2561DC1A8B0CB600DB608D /* Frameworks */ = {
			isa = PBXFrameworksBuildPhase;
			buildActionMask = 2147483647;
			files = (
			);
			runOnlyForDeploymentPostprocessing = 0;
		};
		1A2561F41A8B0CB600DB608D /* Frameworks */ = {
			isa = PBXFrameworksBuildPhase;
			buildActionMask = 2147483647;
			files = (
			);
			runOnlyForDeploymentPostprocessing = 0;
		};
/* End PBXFrameworksBuildPhase section */

/* Begin PBXGroup section */
		1A2561D61A8B0CB600DB608D = {
			isa = PBXGroup;
			children = (
				1A2561E11A8B0CB600DB608D /* Aware360 Suite */,
				1A2561FA1A8B0CB600DB608D /* Aware360 SuiteTests */,
				1A2561E01A8B0CB600DB608D /* Products */,
			);
			sourceTree = "<group>";
		};
		1A2561E01A8B0CB600DB608D /* Products */ = {
			isa = PBXGroup;
			children = (
				1A2561DF1A8B0CB600DB608D /* Aware360 Suite.app */,
				1A2561F71A8B0CB600DB608D /* Aware360 SuiteTests.xctest */,
			);
			name = Products;
			sourceTree = "<group>";
		};
		1A2561E11A8B0CB600DB608D /* Aware360 Suite */ = {
			isa = PBXGroup;
			children = (
				1A2561E41A8B0CB600DB608D /* AppDelegate.swift */,
				1A2561E91A8B0CB600DB608D /* ViewController.swift */,
				1A2561EB1A8B0CB600DB608D /* Main.storyboard */,
				1A2561EE1A8B0CB600DB608D /* Images.xcassets */,
				1A2561F01A8B0CB600DB608D /* LaunchScreen.xib */,
				1A2561E61A8B0CB600DB608D /* Aware360_Suite.xcdatamodeld */,
				1A2561E21A8B0CB600DB608D /* Supporting Files */,
			);
			path = "Aware360 Suite";
			sourceTree = "<group>";
		};
		1A2561E21A8B0CB600DB608D /* Supporting Files */ = {
			isa = PBXGroup;
			children = (
				1A2561E31A8B0CB600DB608D /* Info.plist */,
			);
			name = "Supporting Files";
			sourceTree = "<group>";
		};
		1A2561FA1A8B0CB600DB608D /* Aware360 SuiteTests */ = {
			isa = PBXGroup;
			children = (
				1A2561FD1A8B0CB600DB608D /* Aware360_SuiteTests.swift */,
				1A2561FB1A8B0CB600DB608D /* Supporting Files */,
			);
			path = "Aware360 SuiteTests";
			sourceTree = "<group>";
		};
		1A2561FB1A8B0CB600DB608D /* Supporting Files */ = {
			isa = PBXGroup;
			children = (
				1A2561FC1A8B0CB600DB608D /* Info.plist */,
			);
			name = "Supporting Files";
			sourceTree = "<group>";
		};
/* End PBXGroup section */

/* Begin PBXNativeTarget section */
		1A2561DE1A8B0CB600DB608D /* Aware360 Suite */ = {
			isa = PBXNativeTarget;
			buildConfigurationList = 1A2562011A8B0CB600DB608D /* Build configuration list for PBXNativeTarget "Aware360 Suite" */;
			buildPhases = (
				1A2561DB1A8B0CB600DB608D /* Sources */,
				1A2561DC1A8B0CB600DB608D /* Frameworks */,
				1A2561DD1A8B0CB600DB608D /* Resources */,
			);
			buildRules = (
			);
			dependencies = (
			);
			name = "Aware360 Suite";
			productName = "Aware360 Suite";
			productReference = 1A2561DF1A8B0CB600DB608D /* Aware360 Suite.app */;
			productType = "com.apple.product-type.application";
		};
		1A2561F61A8B0CB600DB608D /* Aware360 SuiteTests */ = {
			isa = PBXNativeTarget;
			buildConfigurationList = 1A2562041A8B0CB600DB608D /* Build configuration list for PBXNativeTarget "Aware360 SuiteTests" */;
			buildPhases = (
				1A2561F31A8B0CB600DB608D /* Sources */,
				1A2561F41A8B0CB600DB608D /* Frameworks */,
				1A2561F51A8B0CB600DB608D /* Resources */,
			);
			buildRules = (
			);
			dependencies = (
				1A2561F91A8B0CB600DB608D /* PBXTargetDependency */,
			);
			name = "Aware360 SuiteTests";
			productName = "Aware360 SuiteTests";
			productReference = 1A2561F71A8B0CB600DB608D /* Aware360 SuiteTests.xctest */;
			productType = "com.apple.product-type.bundle.unit-test";
		};
/* End PBXNativeTarget section */

/* Begin PBXProject section */
		1A2561D71A8B0CB600DB608D /* Project object */ = {
			isa = PBXProject;
			attributes = {
				LastUpgradeCheck = 0610;
				ORGANIZATIONNAME = "Tom Tupper";
				TargetAttributes = {
					1A2561DE1A8B0CB600DB608D = {
						CreatedOnToolsVersion = 6.1.1;
					};
					1A2561F61A8B0CB600DB608D = {
						CreatedOnToolsVersion = 6.1.1;
						TestTargetID = 1A2561DE1A8B0CB600DB608D;
					};
				};
			};
			buildConfigurationList = 1A2561DA1A8B0CB600DB608D /* Build configuration list for PBXProject "Aware360 Suite" */;
			compatibilityVersion = "Xcode 3.2";
			developmentRegion = English;
			hasScannedForEncodings = 0;
			knownRegions = (
				en,
				Base,
			);
			mainGroup = 1A2561D61A8B0CB600DB608D;
			productRefGroup = 1A2561E01A8B0CB600DB608D /* Products */;
			projectDirPath = "";
			projectRoot = "";
			targets = (
				1A2561DE1A8B0CB600DB608D /* Aware360 Suite */,
				1A2561F61A8B0CB600DB608D /* Aware360 SuiteTests */,
			);
		};
/* End PBXProject section */

/* Begin PBXResourcesBuildPhase section */
		1A2561DD1A8B0CB600DB608D /* Resources */ = {
			isa = PBXResourcesBuildPhase;
			buildActionMask = 2147483647;
			files = (
				1A2561ED1A8B0CB600DB608D /* Main.storyboard in Resources */,
				1A2561F21A8B0CB600DB608D /* LaunchScreen.xib in Resources */,
				1A2561EF1A8B0CB600DB608D /* Images.xcassets in Resources */,
			);
			runOnlyForDeploymentPostprocessing = 0;
		};
		1A2561F51A8B0CB600DB608D /* Resources */ = {
			isa = PBXResourcesBuildPhase;
			buildActionMask = 2147483647;
			files = (
			);
			runOnlyForDeploymentPostprocessing = 0;
		};
/* End PBXResourcesBuildPhase section */

/* Begin PBXSourcesBuildPhase section */
		1A2561DB1A8B0CB600DB608D /* Sources */ = {
			isa = PBXSourcesBuildPhase;
			buildActionMask = 2147483647;
			files = (
				1A2561EA1A8B0CB600DB608D /* ViewController.swift in Sources */,
				1A2561E51A8B0CB600DB608D /* AppDelegate.swift in Sources */,
				1A2561E81A8B0CB600DB608D /* Aware360_Suite.xcdatamodeld in Sources */,
			);
			runOnlyForDeploymentPostprocessing = 0;
		};
		1A2561F31A8B0CB600DB608D /* Sources */ = {
			isa = PBXSourcesBuildPhase;
			buildActionMask = 2147483647;
			files = (
				1A2561FE1A8B0CB600DB608D /* Aware360_SuiteTests.swift in Sources */,
			);
			runOnlyForDeploymentPostprocessing = 0;
		};
/* End PBXSourcesBuildPhase section */

/* Begin PBXTargetDependency section */
		1A2561F91A8B0CB600DB608D /* PBXTargetDependency */ = {
			isa = PBXTargetDependency;
			target = 1A2561DE1A8B0CB600DB608D /* Aware360 Suite */;
			targetProxy = 1A2561F81A8B0CB600DB608D /* PBXContainerItemProxy */;
		};
/* End PBXTargetDependency section */

/* Begin PBXVariantGroup section */
		1A2561EB1A8B0CB600DB608D /* Main.storyboard */ = {
			isa = PBXVariantGroup;
			children = (
				1A2561EC1A8B0CB600DB608D /* Base */,
			);
			name = Main.storyboard;
			sourceTree = "<group>";
		};
		1A2561F01A8B0CB600DB608D /* LaunchScreen.xib */ = {
			isa = PBXVariantGroup;
			children = (
				1A2561F11A8B0CB600DB608D /* Base */,
			);
			name = LaunchScreen.xib;
			sourceTree = "<group>";
		};
/* End PBXVariantGroup section */

/* Begin XCBuildConfiguration section */
		1A2561FF1A8B0CB600DB608D /* Debug */ = {
			isa = XCBuildConfiguration;
			buildSettings = {
				ALWAYS_SEARCH_USER_PATHS = NO;
				CLANG_CXX_LANGUAGE_STANDARD = "gnu++0x";
				CLANG_CXX_LIBRARY = "libc++";
				CLANG_ENABLE_MODULES = YES;
				CLANG_ENABLE_OBJC_ARC = YES;
				CLANG_WARN_BOOL_CONVERSION = YES;
				CLANG_WARN_CONSTANT_CONVERSION = YES;
				CLANG_WARN_DIRECT_OBJC_ISA_USAGE = YES_ERROR;
				CLANG_WARN_EMPTY_BODY = YES;
				CLANG_WARN_ENUM_CONVERSION = YES;
				CLANG_WARN_INT_CONVERSION = YES;
				CLANG_WARN_OBJC_ROOT_CLASS = YES_ERROR;
				CLANG_WARN_UNREACHABLE_CODE = YES;
				CLANG_WARN__DUPLICATE_METHOD_MATCH = YES;
				"CODE_SIGN_IDENTITY[sdk=iphoneos*]" = "iPhone Developer";
				COPY_PHASE_STRIP = NO;
				ENABLE_STRICT_OBJC_MSGSEND = YES;
				GCC_C_LANGUAGE_STANDARD = gnu99;
				GCC_DYNAMIC_NO_PIC = NO;
				GCC_OPTIMIZATION_LEVEL = 0;
				GCC_PREPROCESSOR_DEFINITIONS = (
					"DEBUG=1",
					"$(inherited)",
				);
				GCC_SYMBOLS_PRIVATE_EXTERN = NO;
				GCC_WARN_64_TO_32_BIT_CONVERSION = YES;
				GCC_WARN_ABOUT_RETURN_TYPE = YES_ERROR;
				GCC_WARN_UNDECLARED_SELECTOR = YES;
				GCC_WARN_UNINITIALIZED_AUTOS = YES_AGGRESSIVE;
				GCC_WARN_UNUSED_FUNCTION = YES;
				GCC_WARN_UNUSED_VARIABLE = YES;
				IPHONEOS_DEPLOYMENT_TARGET = 8.1;
				MTL_ENABLE_DEBUG_INFO = YES;
				ONLY_ACTIVE_ARCH = YES;
				SDKROOT = iphoneos;
				SWIFT_OPTIMIZATION_LEVEL = "-Onone";
				TARGETED_DEVICE_FAMILY = 2;
			};
			name = Debug;
		};
		1A2562001A8B0CB600DB608D /* Release */ = {
			isa = XCBuildConfiguration;
			buildSettings = {
				ALWAYS_SEARCH_USER_PATHS = NO;
				CLANG_CXX_LANGUAGE_STANDARD = "gnu++0x";
				CLANG_CXX_LIBRARY = "libc++";
				CLANG_ENABLE_MODULES = YES;
				CLANG_ENABLE_OBJC_ARC = YES;
				CLANG_WARN_BOOL_CONVERSION = YES;
				CLANG_WARN_CONSTANT_CONVERSION = YES;
				CLANG_WARN_DIRECT_OBJC_ISA_USAGE = YES_ERROR;
				CLANG_WARN_EMPTY_BODY = YES;
				CLANG_WARN_ENUM_CONVERSION = YES;
				CLANG_WARN_INT_CONVERSION = YES;
				CLANG_WARN_OBJC_ROOT_CLASS = YES_ERROR;
				CLANG_WARN_UNREACHABLE_CODE = YES;
				CLANG_WARN__DUPLICATE_METHOD_MATCH = YES;
				"CODE_SIGN_IDENTITY[sdk=iphoneos*]" = "iPhone Developer";
				COPY_PHASE_STRIP = YES;
				ENABLE_NS_ASSERTIONS = NO;
				ENABLE_STRICT_OBJC_MSGSEND = YES;
				GCC_C_LANGUAGE_STANDARD = gnu99;
				GCC_WARN_64_TO_32_BIT_CONVERSION = YES;
				GCC_WARN_ABOUT_RETURN_TYPE = YES_ERROR;
				GCC_WARN_UNDECLARED_SELECTOR = YES;
				GCC_WARN_UNINITIALIZED_AUTOS = YES_AGGRESSIVE;
				GCC_WARN_UNUSED_FUNCTION = YES;
				GCC_WARN_UNUSED_VARIABLE = YES;
				IPHONEOS_DEPLOYMENT_TARGET = 8.1;
				MTL_ENABLE_DEBUG_INFO = NO;
				SDKROOT = iphoneos;
				TARGETED_DEVICE_FAMILY = 2;
				VALIDATE_PRODUCT = YES;
			};
			name = Release;
		};
		1A2562021A8B0CB600DB608D /* Debug */ = {
			isa = XCBuildConfiguration;
			buildSettings = {
				ASSETCATALOG_COMPILER_APPICON_NAME = AppIcon;
				INFOPLIST_FILE = "Aware360 Suite/Info.plist";
				LD_RUNPATH_SEARCH_PATHS = "$(inherited) @executable_path/Frameworks";
				PRODUCT_NAME = "$(TARGET_NAME)";
			};
			name = Debug;
		};
		1A2562031A8B0CB600DB608D /* Release */ = {
			isa = XCBuildConfiguration;
			buildSettings = {
				ASSETCATALOG_COMPILER_APPICON_NAME = AppIcon;
				INFOPLIST_FILE = "Aware360 Suite/Info.plist";
				LD_RUNPATH_SEARCH_PATHS = "$(inherited) @executable_path/Frameworks";
				PRODUCT_NAME = "$(TARGET_NAME)";
			};
			name = Release;
		};
		1A2562051A8B0CB600DB608D /* Debug */ = {
			isa = XCBuildConfiguration;
			buildSettings = {
				BUNDLE_LOADER = "$(TEST_HOST)";
				FRAMEWORK_SEARCH_PATHS = (
					"$(SDKROOT)/Developer/Library/Frameworks",
					"$(inherited)",
				);
				GCC_PREPROCESSOR_DEFINITIONS = (
					"DEBUG=1",
					"$(inherited)",
				);
				INFOPLIST_FILE = "Aware360 SuiteTests/Info.plist";
				LD_RUNPATH_SEARCH_PATHS = "$(inherited) @executable_path/Frameworks @loader_path/Frameworks";
				PRODUCT_NAME = "$(TARGET_NAME)";
				TEST_HOST = "$(BUILT_PRODUCTS_DIR)/Aware360 Suite.app/Aware360 Suite";
			};
			name = Debug;
		};
		1A2562061A8B0CB600DB608D /* Release */ = {
			isa = XCBuildConfiguration;
			buildSettings = {
				BUNDLE_LOADER = "$(TEST_HOST)";
				FRAMEWORK_SEARCH_PATHS = (
					"$(SDKROOT)/Developer/Library/Frameworks",
					"$(inherited)",
				);
				INFOPLIST_FILE = "Aware360 SuiteTests/Info.plist";
				LD_RUNPATH_SEARCH_PATHS = "$(inherited) @executable_path/Frameworks @loader_path/Frameworks";
				PRODUCT_NAME = "$(TARGET_NAME)";
				TEST_HOST = "$(BUILT_PRODUCTS_DIR)/Aware360 Suite.app/Aware360 Suite";
			};
			name = Release;
		};
/* End XCBuildConfiguration section */

/* Begin XCConfigurationList section */
		1A2561DA1A8B0CB600DB608D /* Build configuration list for PBXProject "Aware360 Suite" */ = {
			isa = XCConfigurationList;
			buildConfigurations = (
				1A2561FF1A8B0CB600DB608D /* Debug */,
				1A2562001A8B0CB600DB608D /* Release */,
			);
			defaultConfigurationIsVisible = 0;
			defaultConfigurationName = Release;
		};
		1A2562011A8B0CB600DB608D /* Build configuration list for PBXNativeTarget "Aware360 Suite" */ = {
			isa = XCConfigurationList;
			buildConfigurations = (
				1A2562021A8B0CB600DB608D /* Debug */,
				1A2562031A8B0CB600DB608D /* Release */,
			);
			defaultConfigurationIsVisible = 0;
			defaultConfigurationName = Release;
		};
		1A2562041A8B0CB600DB608D /* Build configuration list for PBXNativeTarget "Aware360 SuiteTests" */ = {
			isa = XCConfigurationList;
			buildConfigurations = (
				1A2562051A8B0CB600DB608D /* Debug */,
				1A2562061A8B0CB600DB608D /* Release */,
			);
			defaultConfigurationIsVisible = 0;
			defaultConfigurationName = Release;
		};
/* End XCConfigurationList section */

/* Begin XCVersionGroup section */
		1A2561E61A8B0CB600DB608D /* Aware360_Suite.xcdatamodeld */ = {
			isa = XCVersionGroup;
			children = (
				1A2561E71A8B0CB600DB608D /* Aware360_Suite.xcdatamodel */,
			);
			currentVersion = 1A2561E71A8B0CB600DB608D /* Aware360_Suite.xcdatamodel */;
			path = Aware360_Suite.xcdatamodeld;
			sourceTree = "<group>";
			versionGroupType = wrapper.xcdatamodel;
		};
/* End XCVersionGroup section */
	};
	rootObject = 1A2561D71A8B0CB600DB608D /* Project object */;
}
